
Microsoft Visual Studio Solution File, Format Version 12.00
# Visual Studio Version 17
VisualStudioVersion = 17.9.34607.119
MinimumVisualStudioVersion = 10.0.40219.1
Project("{9A19103F-16F7-4668-BE54-9A1E7A4F7556}") = "SCPSL.AssemblyPublicizer", "SCPSL.AssemblyPublicizer.csproj", "{24CDFE5F-E9F8-4C5B-9009-9CF35BCE183C}"
EndProject
Global
	GlobalSection(SolutionConfigurationPlatforms) = preSolution
		Debug|Any CPU = Debug|Any CPU
		Release|Any CPU = Release|Any CPU
	EndGlobalSection
	GlobalSection(ProjectConfigurationPlatforms) = postSolution
		{24CDFE5F-E9F8-4C5B-9009-9CF35BCE183C}.Debug|Any CPU.ActiveCfg = Debug|Any CPU
		{24CDFE5F-E9F8-4C5B-9009-9CF35BCE183C}.Debug|Any CPU.Build.0 = Debug|Any CPU
		{24CDFE5F-E9F8-4C5B-9009-9CF35BCE183C}.Release|Any CPU.ActiveCfg = Release|Any CPU
		{24CDFE5F-E9F8-4C5B-9009-9CF35BCE183C}.Release|Any CPU.Build.0 = Release|Any CPU
	EndGlobalSection
	GlobalSection(SolutionProperties) = preSolution
		HideSolutionNode = FALSE
	EndGlobalSection
	GlobalSection(ExtensibilityGlobals) = postSolution
		SolutionGuid = {334BCDD9-C8E9-4443-8A5A-743B4C95E8CF}
	EndGlobalSection
EndGlobal
